
Microsoft Visual Studio Solution File, Format Version 12.00
# Visual Studio Version 16
VisualStudioVersion = 16.0.28809.33
MinimumVisualStudioVersion = 10.0.40219.1
Project("{9A19103F-16F7-4668-BE54-9A1E7A4F7556}") = "WebCore", "WebCore\WebCore.csproj", "{B9034334-EB60-4CA5-A74A-2146386051CA}"
EndProject
Project("{9A19103F-16F7-4668-BE54-9A1E7A4F7556}") = "DataHandler", "DataHandler\DataHandler.csproj", "{D59D651E-81B8-4411-979F-76AB2993D64C}"
EndProject
Project("{FAE04EC0-301F-11D3-BF4B-00C04F79EFBC}") = "RaspberryPIUtils", "RaspberryPIUtils\RaspberryPIUtils.csproj", "{203C93EE-DF10-451D-AED0-EBB222139937}"
EndProject
Global
	GlobalSection(SolutionConfigurationPlatforms) = preSolution
		Debug|Any CPU = Debug|Any CPU
		Release|Any CPU = Release|Any CPU
	EndGlobalSection
	GlobalSection(ProjectConfigurationPlatforms) = postSolution
		{B9034334-EB60-4CA5-A74A-2146386051CA}.Debug|Any CPU.ActiveCfg = Debug|Any CPU
		{B9034334-EB60-4CA5-A74A-2146386051CA}.Debug|Any CPU.Build.0 = Debug|Any CPU
		{B9034334-EB60-4CA5-A74A-2146386051CA}.Release|Any CPU.ActiveCfg = Release|Any CPU
		{B9034334-EB60-4CA5-A74A-2146386051CA}.Release|Any CPU.Build.0 = Release|Any CPU
		{D59D651E-81B8-4411-979F-76AB2993D64C}.Debug|Any CPU.ActiveCfg = Debug|Any CPU
		{D59D651E-81B8-4411-979F-76AB2993D64C}.Debug|Any CPU.Build.0 = Debug|Any CPU
		{D59D651E-81B8-4411-979F-76AB2993D64C}.Release|Any CPU.ActiveCfg = Release|Any CPU
		{D59D651E-81B8-4411-979F-76AB2993D64C}.Release|Any CPU.Build.0 = Release|Any CPU
		{203C93EE-DF10-451D-AED0-EBB222139937}.Debug|Any CPU.ActiveCfg = Debug|Any CPU
		{203C93EE-DF10-451D-AED0-EBB222139937}.Debug|Any CPU.Build.0 = Debug|Any CPU
		{203C93EE-DF10-451D-AED0-EBB222139937}.Release|Any CPU.ActiveCfg = Release|Any CPU
		{203C93EE-DF10-451D-AED0-EBB222139937}.Release|Any CPU.Build.0 = Release|Any CPU
	EndGlobalSection
	GlobalSection(SolutionProperties) = preSolution
		HideSolutionNode = FALSE
	EndGlobalSection
	GlobalSection(ExtensibilityGlobals) = postSolution
		SolutionGuid = {FDE2E722-B7E8-44F4-B423-7D928C9E620A}
	EndGlobalSection
EndGlobal
